{
  "version": 4,
  "terraform_version": "1.2.3",
  "serial": 35,
  "lineage": "ad10a7db-a025-7ec3-f79f-4683101c7063",
  "outputs": {},
  "resources": [
    {
      "mode": "data",
      "type": "digitalocean_ssh_keys",
      "name": "keys",
      "provider": "provider[\"registry.terraform.io/digitalocean/digitalocean\"]",
      "instances": [
        {
          "schema_version": 0,
          "attributes": {
            "filter": null,
            "id": "ssh_keys/8607468547036274618",
            "sort": null,
            "ssh_keys": [
              {
                "fingerprint": "bf:83:cd:8b:7d:45:fc:ec:a2:1d:91:15:39:ae:6d:30",
                "id": 35062239,
                "name": "laptop",
                "public_key": "ssh-ed25519 AAAAC3NzaC1lZDI1NTE5AAAAIHyaUgs0DYzopl1xNTzDTE+e5o41+Sf2SfgzbhmeBxoF laptop"
              },
              {
                "fingerprint": "8e:28:b5:7d:d5:4e:8e:de:a2:fb:3a:bb:a0:ce:a6:44",
                "id": 35062033,
                "name": "desktop",
                "public_key": "ssh-ed25519 AAAAC3NzaC1lZDI1NTE5AAAAIM7eWbq6h41LQ+qF4S8BZTtagMIc6tbU9IHY0IvAp0mb desktop"
              }
            ]
          },
          "sensitive_attributes": []
        }
      ]
    },
    {
      "mode": "managed",
      "type": "digitalocean_droplet",
      "name": "server",
      "provider": "provider[\"registry.terraform.io/digitalocean/digitalocean\"]",
      "instances": [
        {
          "schema_version": 1,
          "attributes": {
            "backups": false,
            "created_at": "2022-06-30T14:05:58Z",
            "disk": 25,
            "droplet_agent": null,
            "graceful_shutdown": false,
            "id": "306561936",
            "image": "dokku-20-04",
            "ipv4_address": "134.122.4.184",
            "ipv4_address_private": "10.108.0.2",
            "ipv6": true,
            "ipv6_address": "2604:a880:800:10::e17:3001",
            "locked": false,
            "memory": 1024,
            "monitoring": true,
            "name": "server-1",
            "price_hourly": 0.00744,
            "price_monthly": 5,
            "private_networking": true,
            "region": "nyc3",
            "resize_disk": true,
            "size": "s-1vcpu-1gb",
            "ssh_keys": [
              "35062033",
              "35062239"
            ],
            "status": "active",
            "tags": null,
            "urn": "do:droplet:306561936",
            "user_data": null,
            "vcpus": 1,
            "volume_ids": [],
            "vpc_uuid": "b5abc7bc-4b0f-4cdf-802c-d61cd647cd43"
          },
          "sensitive_attributes": [],
          "private": "eyJzY2hlbWFfdmVyc2lvbiI6IjEifQ==",
          "dependencies": [
            "data.digitalocean_ssh_keys.keys"
          ]
        }
      ]
    }
  ]
}
