{
  "version": 4,
  "terraform_version": "1.2.5",
  "serial": 19,
  "lineage": "c3d8f662-be8d-8fb7-6311-635da92b94e3",
  "outputs": {},
  "resources": [
    {
      "mode": "data",
      "type": "digitalocean_ssh_keys",
      "name": "keys",
      "provider": "provider[\"registry.terraform.io/digitalocean/digitalocean\"]",
      "instances": [
        {
          "schema_version": 0,
          "attributes": {
            "filter": null,
            "id": "ssh_keys/1610981253080846183",
            "sort": null,
            "ssh_keys": [
              {
                "fingerprint": "72:a6:8f:08:fe:61:15:3a:89:ce:81:bf:6b:72:c3:b3",
                "id": 35127234,
                "name": "laptop",
                "public_key": "ssh-ed25519 AAAAC3NzaC1lZDI1NTE5AAAAIEpIPEWerDWWNwByM/1IoT0Zf1XA8e60gMS0CbVARTyq laptop"
              },
              {
                "fingerprint": "81:bf:43:e2:93:78:01:f8:33:2a:4a:d0:e8:94:0b:85",
                "id": 35127229,
                "name": "desktop",
                "public_key": "ssh-ed25519 AAAAC3NzaC1lZDI1NTE5AAAAIJ44/Kh9LJmk5YDUDWmmk74Pafl07G4ABSAiNFluTkbt desktop"
              }
            ]
          },
          "sensitive_attributes": []
        }
      ]
    },
    {
      "mode": "managed",
      "type": "digitalocean_domain",
      "name": "default",
      "provider": "provider[\"registry.terraform.io/digitalocean/digitalocean\"]",
      "instances": [
        {
          "schema_version": 0,
          "attributes": {
            "id": "syncbase.tv",
            "ip_address": null,
            "name": "syncbase.tv",
            "ttl": 1800,
            "urn": "do:domain:syncbase.tv"
          },
          "sensitive_attributes": [],
          "private": "bnVsbA=="
        }
      ]
    },
    {
      "mode": "managed",
      "type": "digitalocean_droplet",
      "name": "server",
      "provider": "provider[\"registry.terraform.io/digitalocean/digitalocean\"]",
      "instances": [
        {
          "schema_version": 1,
          "attributes": {
            "backups": false,
            "created_at": "2022-07-26T10:23:34Z",
            "disk": 25,
            "droplet_agent": null,
            "graceful_shutdown": false,
            "id": "309955665",
            "image": "dokku-20-04",
            "ipv4_address": "159.203.72.106",
            "ipv4_address_private": "10.108.0.2",
            "ipv6": true,
            "ipv6_address": "2604:a880:800:10::763:9001",
            "locked": false,
            "memory": 1024,
            "monitoring": true,
            "name": "api.syncbase.tv",
            "price_hourly": 0.00893,
            "price_monthly": 6,
            "private_networking": true,
            "region": "nyc3",
            "resize_disk": true,
            "size": "s-1vcpu-1gb",
            "ssh_keys": [
              "35127229",
              "35127234"
            ],
            "status": "active",
            "tags": null,
            "urn": "do:droplet:309955665",
            "user_data": null,
            "vcpus": 1,
            "volume_ids": [],
            "vpc_uuid": "b5abc7bc-4b0f-4cdf-802c-d61cd647cd43"
          },
          "sensitive_attributes": [],
          "private": "eyJzY2hlbWFfdmVyc2lvbiI6IjEifQ==",
          "dependencies": [
            "data.digitalocean_ssh_keys.keys"
          ]
        }
      ]
    },
    {
      "mode": "managed",
      "type": "digitalocean_record",
      "name": "api",
      "provider": "provider[\"registry.terraform.io/digitalocean/digitalocean\"]",
      "instances": [
        {
          "schema_version": 0,
          "attributes": {
            "domain": "syncbase.tv",
            "flags": 0,
            "fqdn": "api.syncbase.tv",
            "id": "326516379",
            "name": "api",
            "port": 0,
            "priority": 0,
            "tag": "",
            "ttl": 1800,
            "type": "A",
            "value": "159.203.72.106",
            "weight": 0
          },
          "sensitive_attributes": [],
          "private": "bnVsbA==",
          "dependencies": [
            "data.digitalocean_ssh_keys.keys",
            "digitalocean_domain.default",
            "digitalocean_droplet.server"
          ]
        }
      ]
    }
  ]
}
